
Microsoft Visual Studio Solution File, Format Version 12.00
# Visual Studio Version 16
VisualStudioVersion = 16.0.31702.278
MinimumVisualStudioVersion = 10.0.40219.1
Project("{9A19103F-16F7-4668-BE54-9A1E7A4F7556}") = "WebApiServer", "WebApiServer\WebApiServer.csproj", "{B42BA163-8E78-4ED7-884E-BEE2A6561F26}"
EndProject
Project("{FAE04EC0-301F-11D3-BF4B-00C04F79EFBC}") = "WebSite", "WebSite\WebSite.csproj", "{DFE7356B-2B17-42AA-B7B6-28DA5713D5B2}"
EndProject
Global
	GlobalSection(SolutionConfigurationPlatforms) = preSolution
		Debug|Any CPU = Debug|Any CPU
		Release|Any CPU = Release|Any CPU
	EndGlobalSection
	GlobalSection(ProjectConfigurationPlatforms) = postSolution
		{B42BA163-8E78-4ED7-884E-BEE2A6561F26}.Debug|Any CPU.ActiveCfg = Debug|Any CPU
		{B42BA163-8E78-4ED7-884E-BEE2A6561F26}.Debug|Any CPU.Build.0 = Debug|Any CPU
		{B42BA163-8E78-4ED7-884E-BEE2A6561F26}.Release|Any CPU.ActiveCfg = Release|Any CPU
		{B42BA163-8E78-4ED7-884E-BEE2A6561F26}.Release|Any CPU.Build.0 = Release|Any CPU
		{DFE7356B-2B17-42AA-B7B6-28DA5713D5B2}.Debug|Any CPU.ActiveCfg = Debug|Any CPU
		{DFE7356B-2B17-42AA-B7B6-28DA5713D5B2}.Debug|Any CPU.Build.0 = Debug|Any CPU
		{DFE7356B-2B17-42AA-B7B6-28DA5713D5B2}.Release|Any CPU.ActiveCfg = Release|Any CPU
		{DFE7356B-2B17-42AA-B7B6-28DA5713D5B2}.Release|Any CPU.Build.0 = Release|Any CPU
	EndGlobalSection
	GlobalSection(SolutionProperties) = preSolution
		HideSolutionNode = FALSE
	EndGlobalSection
	GlobalSection(ExtensibilityGlobals) = postSolution
		SolutionGuid = {8D82BA2B-35F4-466B-8BD3-BFDC2118C296}
	EndGlobalSection
EndGlobal
